{
    "_readme": [
        "This file locks the dependencies of your project to a known state",
        "Read more about it at https://getcomposer.org/doc/01-basic-usage.md#installing-dependencies",
        "This file is @generated automatically"
    ],
    "content-hash": "1eff3898a429cb202ff6f401230c1558",
    "packages": [
        {
            "name": "enshrined/svg-sanitize",
            "version": "0.13.3",
            "source": {
                "type": "git",
                "url": "https://github.com/darylldoyle/svg-sanitizer.git",
                "reference": "bc66593f255b7d2613d8f22041180036979b6403"
            },
            "dist": {
                "type": "zip",
                "url": "https://api.github.com/repos/darylldoyle/svg-sanitizer/zipball/bc66593f255b7d2613d8f22041180036979b6403",
                "reference": "bc66593f255b7d2613d8f22041180036979b6403",
                "shasum": ""
            },
            "require": {
                "ext-dom": "*",
                "ext-libxml": "*"
            },
            "require-dev": {
                "codeclimate/php-test-reporter": "^0.1.2",
                "phpunit/phpunit": "^6"
            },
            "type": "library",
            "autoload": {
                "psr-4": {
                    "enshrined\\svgSanitize\\": "src"
                }
            },
            "notification-url": "https://packagist.org/downloads/",
            "license": [
                "GPL-2.0-or-later"
            ],
            "authors": [
                {
                    "name": "Daryll Doyle",
                    "email": "daryll@enshrined.co.uk"
                }
            ],
            "description": "An SVG sanitizer for PHP",
            "time": "2020-01-20T01:34:17+00:00"
        },
        {
            "name": "guiguiboy/php-cli-progress-bar",
            "version": "0.0.4",
            "source": {
                "type": "git",
                "url": "https://github.com/guiguiboy/PHP-CLI-Progress-Bar.git",
                "reference": "7d3eb61c1f0c164b9c3139af694b2d38171e4d04"
            },
            "dist": {
                "type": "zip",
                "url": "https://api.github.com/repos/guiguiboy/PHP-CLI-Progress-Bar/zipball/7d3eb61c1f0c164b9c3139af694b2d38171e4d04",
                "reference": "7d3eb61c1f0c164b9c3139af694b2d38171e4d04",
                "shasum": ""
            },
            "require": {
                "ext-mbstring": "*",
                "php": ">=5.3.0"
            },
            "type": "library",
            "autoload": {
                "psr-0": {
                    "ProgressBar": "."
                }
            },
            "notification-url": "https://packagist.org/downloads/",
            "license": [
                "MIT"
            ],
            "authors": [
                {
                    "name": "Guillaume",
                    "email": "guillaume.bretou@gmail.com"
                }
            ],
            "description": "Progress bar for PHP CLI scripts",
            "homepage": "https://github.com/guiguiboy/PHP-CLI-Progress-Bar",
            "keywords": [
                "bar",
                "cli",
                "command-line",
                "progress"
            ],
            "time": "2014-11-19T13:12:00+00:00"
        }
    ],
    "packages-dev": [],
    "aliases": [],
    "minimum-stability": "stable",
    "stability-flags": [],
    "prefer-stable": false,
    "prefer-lowest": false,
    "platform": {
        "php": ">=5.6"
    },
    "platform-dev": []
}
